
Microsoft Visual Studio Solution File, Format Version 12.00
# Visual Studio Version 17
VisualStudioVersion = 17.5.33530.505
MinimumVisualStudioVersion = 10.0.40219.1
Project("{FAE04EC0-301F-11D3-BF4B-00C04F79EFBC}") = "examen2", "examen2\examen2.csproj", "{AF35187B-EA05-4C06-8A63-CC3F46CEA93F}"
EndProject
Global
	GlobalSection(SolutionConfigurationPlatforms) = preSolution
		Debug|Any CPU = Debug|Any CPU
		Release|Any CPU = Release|Any CPU
	EndGlobalSection
	GlobalSection(ProjectConfigurationPlatforms) = postSolution
		{AF35187B-EA05-4C06-8A63-CC3F46CEA93F}.Debug|Any CPU.ActiveCfg = Debug|Any CPU
		{AF35187B-EA05-4C06-8A63-CC3F46CEA93F}.Debug|Any CPU.Build.0 = Debug|Any CPU
		{AF35187B-EA05-4C06-8A63-CC3F46CEA93F}.Release|Any CPU.ActiveCfg = Release|Any CPU
		{AF35187B-EA05-4C06-8A63-CC3F46CEA93F}.Release|Any CPU.Build.0 = Release|Any CPU
	EndGlobalSection
	GlobalSection(SolutionProperties) = preSolution
		HideSolutionNode = FALSE
	EndGlobalSection
	GlobalSection(ExtensibilityGlobals) = postSolution
		SolutionGuid = {09FE7193-DDB2-4C99-B2C2-B50217C080D2}
	EndGlobalSection
EndGlobal
